
Microsoft Visual Studio Solution File, Format Version 12.00
# Visual Studio Version 17
VisualStudioVersion = 17.5.002.0
MinimumVisualStudioVersion = 10.0.40219.1
Project("{9A19103F-16F7-4668-BE54-9A1E7A4F7556}") = "DotnetAPI", "DotnetAPI.csproj", "{64B617CC-0A6B-4C26-BC42-BAF14F32326B}"
EndProject
Global
	GlobalSection(SolutionConfigurationPlatforms) = preSolution
		Debug|Any CPU = Debug|Any CPU
		Release|Any CPU = Release|Any CPU
	EndGlobalSection
	GlobalSection(ProjectConfigurationPlatforms) = postSolution
		{64B617CC-0A6B-4C26-BC42-BAF14F32326B}.Debug|Any CPU.ActiveCfg = Debug|Any CPU
		{64B617CC-0A6B-4C26-BC42-BAF14F32326B}.Debug|Any CPU.Build.0 = Debug|Any CPU
		{64B617CC-0A6B-4C26-BC42-BAF14F32326B}.Release|Any CPU.ActiveCfg = Release|Any CPU
		{64B617CC-0A6B-4C26-BC42-BAF14F32326B}.Release|Any CPU.Build.0 = Release|Any CPU
	EndGlobalSection
	GlobalSection(SolutionProperties) = preSolution
		HideSolutionNode = FALSE
	EndGlobalSection
	GlobalSection(ExtensibilityGlobals) = postSolution
		SolutionGuid = {B6B50EEA-B30C-4066-9910-5C02507BE2EB}
	EndGlobalSection
EndGlobal
